# This file is automatically @generated by Cargo.
# It is not intended for manual editing.
[[package]]
name = "cow-rc-str"
version = "0.1.0"
source = "registry+https://github.com/rust-lang/crates.io-index"
checksum = "776fdf85e43246127d57410d5da8cb73af9df8ff0feec35bc2cd6a0e87455c16"

[[package]]
name = "rust-lexer"
version = "0.1.0"
dependencies = [
 "cow-rc-str",
]
